
Microsoft Visual Studio Solution File, Format Version 12.00
# Visual Studio Version 17
VisualStudioVersion = 17.5.33414.496
MinimumVisualStudioVersion = 10.0.40219.1
Project("{8BC9CEB8-8B4A-11D0-8D11-00A0C91BC942}") = "Project2", "Project2.vcxproj", "{CBB5249C-1179-4435-B873-395F9430B633}"
EndProject
Global
	GlobalSection(SolutionConfigurationPlatforms) = preSolution
		Debug|x64 = Debug|x64
		Debug|x86 = Debug|x86
		Release|x64 = Release|x64
		Release|x86 = Release|x86
	EndGlobalSection
	GlobalSection(ProjectConfigurationPlatforms) = postSolution
		{CBB5249C-1179-4435-B873-395F9430B633}.Debug|x64.ActiveCfg = Debug|x64
		{CBB5249C-1179-4435-B873-395F9430B633}.Debug|x64.Build.0 = Debug|x64
		{CBB5249C-1179-4435-B873-395F9430B633}.Debug|x86.ActiveCfg = Debug|Win32
		{CBB5249C-1179-4435-B873-395F9430B633}.Debug|x86.Build.0 = Debug|Win32
		{CBB5249C-1179-4435-B873-395F9430B633}.Release|x64.ActiveCfg = Release|x64
		{CBB5249C-1179-4435-B873-395F9430B633}.Release|x64.Build.0 = Release|x64
		{CBB5249C-1179-4435-B873-395F9430B633}.Release|x86.ActiveCfg = Release|Win32
		{CBB5249C-1179-4435-B873-395F9430B633}.Release|x86.Build.0 = Release|Win32
	EndGlobalSection
	GlobalSection(SolutionProperties) = preSolution
		HideSolutionNode = FALSE
	EndGlobalSection
	GlobalSection(ExtensibilityGlobals) = postSolution
		SolutionGuid = {705BF63A-0D7C-4E2D-B8AC-6E61638B02CC}
	EndGlobalSection
EndGlobal
